// !$*UTF8*$!
{
	archiveVersion = 1;
	classes = {
	};
	objectVersion = 55;
	objects = {

/* Begin PBXBuildFile section */
		17484FBF28329C0800004DE5 /* AppDelegate.swift in Sources */ = {isa = PBXBuildFile; fileRef = 17484FBE28329C0800004DE5 /* AppDelegate.swift */; };
		17484FC128329C0800004DE5 /* SceneDelegate.swift in Sources */ = {isa = PBXBuildFile; fileRef = 17484FC028329C0800004DE5 /* SceneDelegate.swift */; };
		17484FC328329C0800004DE5 /* SearchViewController.swift in Sources */ = {isa = PBXBuildFile; fileRef = 17484FC228329C0800004DE5 /* SearchViewController.swift */; };
		17484FC628329C0800004DE5 /* Main.storyboard in Resources */ = {isa = PBXBuildFile; fileRef = 17484FC428329C0800004DE5 /* Main.storyboard */; };
		17484FC828329C0C00004DE5 /* Assets.xcassets in Resources */ = {isa = PBXBuildFile; fileRef = 17484FC728329C0C00004DE5 /* Assets.xcassets */; };
		17484FCB28329C0C00004DE5 /* LaunchScreen.storyboard in Resources */ = {isa = PBXBuildFile; fileRef = 17484FC928329C0C00004DE5 /* LaunchScreen.storyboard */; };
		17484FD628329C0C00004DE5 /* SearchAppTests.swift in Sources */ = {isa = PBXBuildFile; fileRef = 17484FD528329C0C00004DE5 /* SearchAppTests.swift */; };
		17484FE028329C0C00004DE5 /* SearchAppUITests.swift in Sources */ = {isa = PBXBuildFile; fileRef = 17484FDF28329C0C00004DE5 /* SearchAppUITests.swift */; };
		17484FE228329C0C00004DE5 /* SearchAppUITestsLaunchTests.swift in Sources */ = {isa = PBXBuildFile; fileRef = 17484FE128329C0C00004DE5 /* SearchAppUITestsLaunchTests.swift */; };
		17D1EDE22832B25400DB66DC /* SearchModel.swift in Sources */ = {isa = PBXBuildFile; fileRef = 17D1EDE12832B25400DB66DC /* SearchModel.swift */; };
		17D1EDE42832B26E00DB66DC /* SectionModel.swift in Sources */ = {isa = PBXBuildFile; fileRef = 17D1EDE32832B26E00DB66DC /* SectionModel.swift */; };
		17D1EDE72832B2E700DB66DC /* SearchResponseModel.swift in Sources */ = {isa = PBXBuildFile; fileRef = 17D1EDE62832B2E700DB66DC /* SearchResponseModel.swift */; };
		17D1EDE92832B32600DB66DC /* URLSession+.swift in Sources */ = {isa = PBXBuildFile; fileRef = 17D1EDE82832B32600DB66DC /* URLSession+.swift */; };
		17D1EDEB2832B35B00DB66DC /* SearchAPI.swift in Sources */ = {isa = PBXBuildFile; fileRef = 17D1EDEA2832B35B00DB66DC /* SearchAPI.swift */; };
		17D1EDED2832B4B600DB66DC /* GlobalConstants.swift in Sources */ = {isa = PBXBuildFile; fileRef = 17D1EDEC2832B4B600DB66DC /* GlobalConstants.swift */; };
		17D1EDF22832B67200DB66DC /* SearchCollectionViewCell.swift in Sources */ = {isa = PBXBuildFile; fileRef = 17D1EDF12832B67200DB66DC /* SearchCollectionViewCell.swift */; };
		17D1EDF52832B6AF00DB66DC /* SDWebImage in Frameworks */ = {isa = PBXBuildFile; productRef = 17D1EDF42832B6AF00DB66DC /* SDWebImage */; };
		17D1EDF72832B71800DB66DC /* HeaderCollectionViewCell.swift in Sources */ = {isa = PBXBuildFile; fileRef = 17D1EDF62832B71800DB66DC /* HeaderCollectionViewCell.swift */; };
		17D1EDF92832B76C00DB66DC /* FooterCollectionViewCell.swift in Sources */ = {isa = PBXBuildFile; fileRef = 17D1EDF82832B76C00DB66DC /* FooterCollectionViewCell.swift */; };
		17D1EDFC2832BBA500DB66DC /* SearchListViewModel.swift in Sources */ = {isa = PBXBuildFile; fileRef = 17D1EDFB2832BBA500DB66DC /* SearchListViewModel.swift */; };
		17D1EE002832BCCC00DB66DC /* FooterViewModel.swift in Sources */ = {isa = PBXBuildFile; fileRef = 17D1EDFF2832BCCC00DB66DC /* FooterViewModel.swift */; };
		17D1EE022832BCD800DB66DC /* HeaderViewModel.swift in Sources */ = {isa = PBXBuildFile; fileRef = 17D1EE012832BCD700DB66DC /* HeaderViewModel.swift */; };
		17D1EE042832BCFA00DB66DC /* SearchCollectionCellViewModel.swift in Sources */ = {isa = PBXBuildFile; fileRef = 17D1EE032832BCFA00DB66DC /* SearchCollectionCellViewModel.swift */; };
		17D1EE062832BF5B00DB66DC /* DetailViewController.swift in Sources */ = {isa = PBXBuildFile; fileRef = 17D1EE052832BF5B00DB66DC /* DetailViewController.swift */; };
		17D1EE082832BFA600DB66DC /* DetailViewModel.swift in Sources */ = {isa = PBXBuildFile; fileRef = 17D1EE072832BFA600DB66DC /* DetailViewModel.swift */; };
/* End PBXBuildFile section */

/* Begin PBXContainerItemProxy section */
		17484FD228329C0C00004DE5 /* PBXContainerItemProxy */ = {
			isa = PBXContainerItemProxy;
			containerPortal = 17484FB328329C0800004DE5 /* Project object */;
			proxyType = 1;
			remoteGlobalIDString = 17484FBA28329C0800004DE5;
			remoteInfo = SearchApp;
		};
		17484FDC28329C0C00004DE5 /* PBXContainerItemProxy */ = {
			isa = PBXContainerItemProxy;
			containerPortal = 17484FB328329C0800004DE5 /* Project object */;
			proxyType = 1;
			remoteGlobalIDString = 17484FBA28329C0800004DE5;
			remoteInfo = SearchApp;
		};
/* End PBXContainerItemProxy section */

/* Begin PBXFileReference section */
		17484FBB28329C0800004DE5 /* SearchApp.app */ = {isa = PBXFileReference; explicitFileType = wrapper.application; includeInIndex = 0; path = SearchApp.app; sourceTree = BUILT_PRODUCTS_DIR; };
		17484FBE28329C0800004DE5 /* AppDelegate.swift */ = {isa = PBXFileReference; lastKnownFileType = sourcecode.swift; path = AppDelegate.swift; sourceTree = "<group>"; };
		17484FC028329C0800004DE5 /* SceneDelegate.swift */ = {isa = PBXFileReference; lastKnownFileType = sourcecode.swift; path = SceneDelegate.swift; sourceTree = "<group>"; };
		17484FC228329C0800004DE5 /* SearchViewController.swift */ = {isa = PBXFileReference; lastKnownFileType = sourcecode.swift; path = SearchViewController.swift; sourceTree = "<group>"; };
		17484FC528329C0800004DE5 /* Base */ = {isa = PBXFileReference; lastKnownFileType = file.storyboard; name = Base; path = Base.lproj/Main.storyboard; sourceTree = "<group>"; };
		17484FC728329C0C00004DE5 /* Assets.xcassets */ = {isa = PBXFileReference; lastKnownFileType = folder.assetcatalog; path = Assets.xcassets; sourceTree = "<group>"; };
		17484FCA28329C0C00004DE5 /* Base */ = {isa = PBXFileReference; lastKnownFileType = file.storyboard; name = Base; path = Base.lproj/LaunchScreen.storyboard; sourceTree = "<group>"; };
		17484FCC28329C0C00004DE5 /* Info.plist */ = {isa = PBXFileReference; lastKnownFileType = text.plist.xml; path = Info.plist; sourceTree = "<group>"; };
		17484FD128329C0C00004DE5 /* SearchAppTests.xctest */ = {isa = PBXFileReference; explicitFileType = wrapper.cfbundle; includeInIndex = 0; path = SearchAppTests.xctest; sourceTree = BUILT_PRODUCTS_DIR; };
		17484FD528329C0C00004DE5 /* SearchAppTests.swift */ = {isa = PBXFileReference; lastKnownFileType = sourcecode.swift; path = SearchAppTests.swift; sourceTree = "<group>"; };
		17484FDB28329C0C00004DE5 /* SearchAppUITests.xctest */ = {isa = PBXFileReference; explicitFileType = wrapper.cfbundle; includeInIndex = 0; path = SearchAppUITests.xctest; sourceTree = BUILT_PRODUCTS_DIR; };
		17484FDF28329C0C00004DE5 /* SearchAppUITests.swift */ = {isa = PBXFileReference; lastKnownFileType = sourcecode.swift; path = SearchAppUITests.swift; sourceTree = "<group>"; };
		17484FE128329C0C00004DE5 /* SearchAppUITestsLaunchTests.swift */ = {isa = PBXFileReference; lastKnownFileType = sourcecode.swift; path = SearchAppUITestsLaunchTests.swift; sourceTree = "<group>"; };
		17D1EDE12832B25400DB66DC /* SearchModel.swift */ = {isa = PBXFileReference; lastKnownFileType = sourcecode.swift; path = SearchModel.swift; sourceTree = "<group>"; };
		17D1EDE32832B26E00DB66DC /* SectionModel.swift */ = {isa = PBXFileReference; lastKnownFileType = sourcecode.swift; path = SectionModel.swift; sourceTree = "<group>"; };
		17D1EDE62832B2E700DB66DC /* SearchResponseModel.swift */ = {isa = PBXFileReference; lastKnownFileType = sourcecode.swift; path = SearchResponseModel.swift; sourceTree = "<group>"; };
		17D1EDE82832B32600DB66DC /* URLSession+.swift */ = {isa = PBXFileReference; lastKnownFileType = sourcecode.swift; path = "URLSession+.swift"; sourceTree = "<group>"; };
		17D1EDEA2832B35B00DB66DC /* SearchAPI.swift */ = {isa = PBXFileReference; lastKnownFileType = sourcecode.swift; path = SearchAPI.swift; sourceTree = "<group>"; };
		17D1EDEC2832B4B600DB66DC /* GlobalConstants.swift */ = {isa = PBXFileReference; lastKnownFileType = sourcecode.swift; path = GlobalConstants.swift; sourceTree = "<group>"; };
		17D1EDF12832B67200DB66DC /* SearchCollectionViewCell.swift */ = {isa = PBXFileReference; lastKnownFileType = sourcecode.swift; path = SearchCollectionViewCell.swift; sourceTree = "<group>"; };
		17D1EDF62832B71800DB66DC /* HeaderCollectionViewCell.swift */ = {isa = PBXFileReference; lastKnownFileType = sourcecode.swift; path = HeaderCollectionViewCell.swift; sourceTree = "<group>"; };
		17D1EDF82832B76C00DB66DC /* FooterCollectionViewCell.swift */ = {isa = PBXFileReference; lastKnownFileType = sourcecode.swift; path = FooterCollectionViewCell.swift; sourceTree = "<group>"; };
		17D1EDFB2832BBA500DB66DC /* SearchListViewModel.swift */ = {isa = PBXFileReference; lastKnownFileType = sourcecode.swift; path = SearchListViewModel.swift; sourceTree = "<group>"; };
		17D1EDFF2832BCCC00DB66DC /* FooterViewModel.swift */ = {isa = PBXFileReference; lastKnownFileType = sourcecode.swift; path = FooterViewModel.swift; sourceTree = "<group>"; };
		17D1EE012832BCD700DB66DC /* HeaderViewModel.swift */ = {isa = PBXFileReference; lastKnownFileType = sourcecode.swift; path = HeaderViewModel.swift; sourceTree = "<group>"; };
		17D1EE032832BCFA00DB66DC /* SearchCollectionCellViewModel.swift */ = {isa = PBXFileReference; lastKnownFileType = sourcecode.swift; path = SearchCollectionCellViewModel.swift; sourceTree = "<group>"; };
		17D1EE052832BF5B00DB66DC /* DetailViewController.swift */ = {isa = PBXFileReference; lastKnownFileType = sourcecode.swift; path = DetailViewController.swift; sourceTree = "<group>"; };
		17D1EE072832BFA600DB66DC /* DetailViewModel.swift */ = {isa = PBXFileReference; lastKnownFileType = sourcecode.swift; path = DetailViewModel.swift; sourceTree = "<group>"; };
/* End PBXFileReference section */

/* Begin PBXFrameworksBuildPhase section */
		17484FB828329C0800004DE5 /* Frameworks */ = {
			isa = PBXFrameworksBuildPhase;
			buildActionMask = 2147483647;
			files = (
				17D1EDF52832B6AF00DB66DC /* SDWebImage in Frameworks */,
			);
			runOnlyForDeploymentPostprocessing = 0;
		};
		17484FCE28329C0C00004DE5 /* Frameworks */ = {
			isa = PBXFrameworksBuildPhase;
			buildActionMask = 2147483647;
			files = (
			);
			runOnlyForDeploymentPostprocessing = 0;
		};
		17484FD828329C0C00004DE5 /* Frameworks */ = {
			isa = PBXFrameworksBuildPhase;
			buildActionMask = 2147483647;
			files = (
			);
			runOnlyForDeploymentPostprocessing = 0;
		};
/* End PBXFrameworksBuildPhase section */

/* Begin PBXGroup section */
		17484FB228329C0800004DE5 = {
			isa = PBXGroup;
			children = (
				17484FBD28329C0800004DE5 /* SearchApp */,
				17484FD428329C0C00004DE5 /* SearchAppTests */,
				17484FDE28329C0C00004DE5 /* SearchAppUITests */,
				17484FBC28329C0800004DE5 /* Products */,
			);
			sourceTree = "<group>";
		};
		17484FBC28329C0800004DE5 /* Products */ = {
			isa = PBXGroup;
			children = (
				17484FBB28329C0800004DE5 /* SearchApp.app */,
				17484FD128329C0C00004DE5 /* SearchAppTests.xctest */,
				17484FDB28329C0C00004DE5 /* SearchAppUITests.xctest */,
			);
			name = Products;
			sourceTree = "<group>";
		};
		17484FBD28329C0800004DE5 /* SearchApp */ = {
			isa = PBXGroup;
			children = (
				17D1EDFA2832BB6000DB66DC /* ViewModel */,
				17D1EDEE2832B62700DB66DC /* Scene */,
				17D1EDE52832B2C400DB66DC /* Network */,
				17484FEF28329DCD00004DE5 /* Model */,
				17484FEE28329C8C00004DE5 /* Resources */,
			);
			path = SearchApp;
			sourceTree = "<group>";
		};
		17484FD428329C0C00004DE5 /* SearchAppTests */ = {
			isa = PBXGroup;
			children = (
				17484FD528329C0C00004DE5 /* SearchAppTests.swift */,
			);
			path = SearchAppTests;
			sourceTree = "<group>";
		};
		17484FDE28329C0C00004DE5 /* SearchAppUITests */ = {
			isa = PBXGroup;
			children = (
				17484FDF28329C0C00004DE5 /* SearchAppUITests.swift */,
				17484FE128329C0C00004DE5 /* SearchAppUITestsLaunchTests.swift */,
			);
			path = SearchAppUITests;
			sourceTree = "<group>";
		};
		17484FEE28329C8C00004DE5 /* Resources */ = {
			isa = PBXGroup;
			children = (
				17484FCC28329C0C00004DE5 /* Info.plist */,
				17D1EDEC2832B4B600DB66DC /* GlobalConstants.swift */,
				17484FBE28329C0800004DE5 /* AppDelegate.swift */,
				17484FC028329C0800004DE5 /* SceneDelegate.swift */,
				17484FC728329C0C00004DE5 /* Assets.xcassets */,
				17484FC928329C0C00004DE5 /* LaunchScreen.storyboard */,
			);
			path = Resources;
			sourceTree = "<group>";
		};
		17484FEF28329DCD00004DE5 /* Model */ = {
			isa = PBXGroup;
			children = (
				17D1EDE12832B25400DB66DC /* SearchModel.swift */,
				17D1EDE32832B26E00DB66DC /* SectionModel.swift */,
			);
			path = Model;
			sourceTree = "<group>";
		};
		17D1EDE52832B2C400DB66DC /* Network */ = {
			isa = PBXGroup;
			children = (
				17D1EDE62832B2E700DB66DC /* SearchResponseModel.swift */,
				17D1EDE82832B32600DB66DC /* URLSession+.swift */,
				17D1EDEA2832B35B00DB66DC /* SearchAPI.swift */,
			);
			path = Network;
			sourceTree = "<group>";
		};
		17D1EDEE2832B62700DB66DC /* Scene */ = {
			isa = PBXGroup;
			children = (
				17D1EDEF2832B62F00DB66DC /* View */,
			);
			path = Scene;
			sourceTree = "<group>";
		};
		17D1EDEF2832B62F00DB66DC /* View */ = {
			isa = PBXGroup;
			children = (
				17D1EE092832C6FE00DB66DC /* ViewController */,
				17D1EDF02832B64100DB66DC /* CollectionViewCell */,
			);
			path = View;
			sourceTree = "<group>";
		};
		17D1EDF02832B64100DB66DC /* CollectionViewCell */ = {
			isa = PBXGroup;
			children = (
				17D1EDF12832B67200DB66DC /* SearchCollectionViewCell.swift */,
				17D1EDF62832B71800DB66DC /* HeaderCollectionViewCell.swift */,
				17D1EDF82832B76C00DB66DC /* FooterCollectionViewCell.swift */,
			);
			path = CollectionViewCell;
			sourceTree = "<group>";
		};
		17D1EDFA2832BB6000DB66DC /* ViewModel */ = {
			isa = PBXGroup;
			children = (
				17D1EDFB2832BBA500DB66DC /* SearchListViewModel.swift */,
				17D1EDFF2832BCCC00DB66DC /* FooterViewModel.swift */,
				17D1EE012832BCD700DB66DC /* HeaderViewModel.swift */,
				17D1EE032832BCFA00DB66DC /* SearchCollectionCellViewModel.swift */,
				17D1EE072832BFA600DB66DC /* DetailViewModel.swift */,
			);
			path = ViewModel;
			sourceTree = "<group>";
		};
		17D1EE092832C6FE00DB66DC /* ViewController */ = {
			isa = PBXGroup;
			children = (
				17D1EE052832BF5B00DB66DC /* DetailViewController.swift */,
				17484FC228329C0800004DE5 /* SearchViewController.swift */,
				17484FC428329C0800004DE5 /* Main.storyboard */,
			);
			path = ViewController;
			sourceTree = "<group>";
		};
/* End PBXGroup section */

/* Begin PBXNativeTarget section */
		17484FBA28329C0800004DE5 /* SearchApp */ = {
			isa = PBXNativeTarget;
			buildConfigurationList = 17484FE528329C0C00004DE5 /* Build configuration list for PBXNativeTarget "SearchApp" */;
			buildPhases = (
				17484FB728329C0800004DE5 /* Sources */,
				17484FB828329C0800004DE5 /* Frameworks */,
				17484FB928329C0800004DE5 /* Resources */,
			);
			buildRules = (
			);
			dependencies = (
			);
			name = SearchApp;
			packageProductDependencies = (
				17D1EDF42832B6AF00DB66DC /* SDWebImage */,
			);
			productName = SearchApp;
			productReference = 17484FBB28329C0800004DE5 /* SearchApp.app */;
			productType = "com.apple.product-type.application";
		};
		17484FD028329C0C00004DE5 /* SearchAppTests */ = {
			isa = PBXNativeTarget;
			buildConfigurationList = 17484FE828329C0C00004DE5 /* Build configuration list for PBXNativeTarget "SearchAppTests" */;
			buildPhases = (
				17484FCD28329C0C00004DE5 /* Sources */,
				17484FCE28329C0C00004DE5 /* Frameworks */,
				17484FCF28329C0C00004DE5 /* Resources */,
			);
			buildRules = (
			);
			dependencies = (
				17484FD328329C0C00004DE5 /* PBXTargetDependency */,
			);
			name = SearchAppTests;
			productName = SearchAppTests;
			productReference = 17484FD128329C0C00004DE5 /* SearchAppTests.xctest */;
			productType = "com.apple.product-type.bundle.unit-test";
		};
		17484FDA28329C0C00004DE5 /* SearchAppUITests */ = {
			isa = PBXNativeTarget;
			buildConfigurationList = 17484FEB28329C0C00004DE5 /* Build configuration list for PBXNativeTarget "SearchAppUITests" */;
			buildPhases = (
				17484FD728329C0C00004DE5 /* Sources */,
				17484FD828329C0C00004DE5 /* Frameworks */,
				17484FD928329C0C00004DE5 /* Resources */,
			);
			buildRules = (
			);
			dependencies = (
				17484FDD28329C0C00004DE5 /* PBXTargetDependency */,
			);
			name = SearchAppUITests;
			productName = SearchAppUITests;
			productReference = 17484FDB28329C0C00004DE5 /* SearchAppUITests.xctest */;
			productType = "com.apple.product-type.bundle.ui-testing";
		};
/* End PBXNativeTarget section */

/* Begin PBXProject section */
		17484FB328329C0800004DE5 /* Project object */ = {
			isa = PBXProject;
			attributes = {
				BuildIndependentTargetsInParallel = 1;
				LastSwiftUpdateCheck = 1320;
				LastUpgradeCheck = 1320;
				TargetAttributes = {
					17484FBA28329C0800004DE5 = {
						CreatedOnToolsVersion = 13.2.1;
					};
					17484FD028329C0C00004DE5 = {
						CreatedOnToolsVersion = 13.2.1;
						TestTargetID = 17484FBA28329C0800004DE5;
					};
					17484FDA28329C0C00004DE5 = {
						CreatedOnToolsVersion = 13.2.1;
						TestTargetID = 17484FBA28329C0800004DE5;
					};
				};
			};
			buildConfigurationList = 17484FB628329C0800004DE5 /* Build configuration list for PBXProject "SearchApp" */;
			compatibilityVersion = "Xcode 13.0";
			developmentRegion = en;
			hasScannedForEncodings = 0;
			knownRegions = (
				en,
				Base,
			);
			mainGroup = 17484FB228329C0800004DE5;
			packageReferences = (
				17D1EDF32832B6AF00DB66DC /* XCRemoteSwiftPackageReference "SDWebImage" */,
			);
			productRefGroup = 17484FBC28329C0800004DE5 /* Products */;
			projectDirPath = "";
			projectRoot = "";
			targets = (
				17484FBA28329C0800004DE5 /* SearchApp */,
				17484FD028329C0C00004DE5 /* SearchAppTests */,
				17484FDA28329C0C00004DE5 /* SearchAppUITests */,
			);
		};
/* End PBXProject section */

/* Begin PBXResourcesBuildPhase section */
		17484FB928329C0800004DE5 /* Resources */ = {
			isa = PBXResourcesBuildPhase;
			buildActionMask = 2147483647;
			files = (
				17484FCB28329C0C00004DE5 /* LaunchScreen.storyboard in Resources */,
				17484FC828329C0C00004DE5 /* Assets.xcassets in Resources */,
				17484FC628329C0800004DE5 /* Main.storyboard in Resources */,
			);
			runOnlyForDeploymentPostprocessing = 0;
		};
		17484FCF28329C0C00004DE5 /* Resources */ = {
			isa = PBXResourcesBuildPhase;
			buildActionMask = 2147483647;
			files = (
			);
			runOnlyForDeploymentPostprocessing = 0;
		};
		17484FD928329C0C00004DE5 /* Resources */ = {
			isa = PBXResourcesBuildPhase;
			buildActionMask = 2147483647;
			files = (
			);
			runOnlyForDeploymentPostprocessing = 0;
		};
/* End PBXResourcesBuildPhase section */

/* Begin PBXSourcesBuildPhase section */
		17484FB728329C0800004DE5 /* Sources */ = {
			isa = PBXSourcesBuildPhase;
			buildActionMask = 2147483647;
			files = (
				17D1EDE72832B2E700DB66DC /* SearchResponseModel.swift in Sources */,
				17D1EE062832BF5B00DB66DC /* DetailViewController.swift in Sources */,
				17D1EE002832BCCC00DB66DC /* FooterViewModel.swift in Sources */,
				17D1EDED2832B4B600DB66DC /* GlobalConstants.swift in Sources */,
				17D1EDFC2832BBA500DB66DC /* SearchListViewModel.swift in Sources */,
				17484FC328329C0800004DE5 /* SearchViewController.swift in Sources */,
				17D1EDEB2832B35B00DB66DC /* SearchAPI.swift in Sources */,
				17D1EDF22832B67200DB66DC /* SearchCollectionViewCell.swift in Sources */,
				17484FBF28329C0800004DE5 /* AppDelegate.swift in Sources */,
				17D1EDE92832B32600DB66DC /* URLSession+.swift in Sources */,
				17484FC128329C0800004DE5 /* SceneDelegate.swift in Sources */,
				17D1EDE42832B26E00DB66DC /* SectionModel.swift in Sources */,
				17D1EE022832BCD800DB66DC /* HeaderViewModel.swift in Sources */,
				17D1EE082832BFA600DB66DC /* DetailViewModel.swift in Sources */,
				17D1EE042832BCFA00DB66DC /* SearchCollectionCellViewModel.swift in Sources */,
				17D1EDE22832B25400DB66DC /* SearchModel.swift in Sources */,
				17D1EDF72832B71800DB66DC /* HeaderCollectionViewCell.swift in Sources */,
				17D1EDF92832B76C00DB66DC /* FooterCollectionViewCell.swift in Sources */,
			);
			runOnlyForDeploymentPostprocessing = 0;
		};
		17484FCD28329C0C00004DE5 /* Sources */ = {
			isa = PBXSourcesBuildPhase;
			buildActionMask = 2147483647;
			files = (
				17484FD628329C0C00004DE5 /* SearchAppTests.swift in Sources */,
			);
			runOnlyForDeploymentPostprocessing = 0;
		};
		17484FD728329C0C00004DE5 /* Sources */ = {
			isa = PBXSourcesBuildPhase;
			buildActionMask = 2147483647;
			files = (
				17484FE228329C0C00004DE5 /* SearchAppUITestsLaunchTests.swift in Sources */,
				17484FE028329C0C00004DE5 /* SearchAppUITests.swift in Sources */,
			);
			runOnlyForDeploymentPostprocessing = 0;
		};
/* End PBXSourcesBuildPhase section */

/* Begin PBXTargetDependency section */
		17484FD328329C0C00004DE5 /* PBXTargetDependency */ = {
			isa = PBXTargetDependency;
			target = 17484FBA28329C0800004DE5 /* SearchApp */;
			targetProxy = 17484FD228329C0C00004DE5 /* PBXContainerItemProxy */;
		};
		17484FDD28329C0C00004DE5 /* PBXTargetDependency */ = {
			isa = PBXTargetDependency;
			target = 17484FBA28329C0800004DE5 /* SearchApp */;
			targetProxy = 17484FDC28329C0C00004DE5 /* PBXContainerItemProxy */;
		};
/* End PBXTargetDependency section */

/* Begin PBXVariantGroup section */
		17484FC428329C0800004DE5 /* Main.storyboard */ = {
			isa = PBXVariantGroup;
			children = (
				17484FC528329C0800004DE5 /* Base */,
			);
			name = Main.storyboard;
			sourceTree = "<group>";
		};
		17484FC928329C0C00004DE5 /* LaunchScreen.storyboard */ = {
			isa = PBXVariantGroup;
			children = (
				17484FCA28329C0C00004DE5 /* Base */,
			);
			name = LaunchScreen.storyboard;
			sourceTree = "<group>";
		};
/* End PBXVariantGroup section */

/* Begin XCBuildConfiguration section */
		17484FE328329C0C00004DE5 /* Debug */ = {
			isa = XCBuildConfiguration;
			buildSettings = {
				ALWAYS_SEARCH_USER_PATHS = NO;
				CLANG_ANALYZER_NONNULL = YES;
				CLANG_ANALYZER_NUMBER_OBJECT_CONVERSION = YES_AGGRESSIVE;
				CLANG_CXX_LANGUAGE_STANDARD = "gnu++17";
				CLANG_CXX_LIBRARY = "libc++";
				CLANG_ENABLE_MODULES = YES;
				CLANG_ENABLE_OBJC_ARC = YES;
				CLANG_ENABLE_OBJC_WEAK = YES;
				CLANG_WARN_BLOCK_CAPTURE_AUTORELEASING = YES;
				CLANG_WARN_BOOL_CONVERSION = YES;
				CLANG_WARN_COMMA = YES;
				CLANG_WARN_CONSTANT_CONVERSION = YES;
				CLANG_WARN_DEPRECATED_OBJC_IMPLEMENTATIONS = YES;
				CLANG_WARN_DIRECT_OBJC_ISA_USAGE = YES_ERROR;
				CLANG_WARN_DOCUMENTATION_COMMENTS = YES;
				CLANG_WARN_EMPTY_BODY = YES;
				CLANG_WARN_ENUM_CONVERSION = YES;
				CLANG_WARN_INFINITE_RECURSION = YES;
				CLANG_WARN_INT_CONVERSION = YES;
				CLANG_WARN_NON_LITERAL_NULL_CONVERSION = YES;
				CLANG_WARN_OBJC_IMPLICIT_RETAIN_SELF = YES;
				CLANG_WARN_OBJC_LITERAL_CONVERSION = YES;
				CLANG_WARN_OBJC_ROOT_CLASS = YES_ERROR;
				CLANG_WARN_QUOTED_INCLUDE_IN_FRAMEWORK_HEADER = YES;
				CLANG_WARN_RANGE_LOOP_ANALYSIS = YES;
				CLANG_WARN_STRICT_PROTOTYPES = YES;
				CLANG_WARN_SUSPICIOUS_MOVE = YES;
				CLANG_WARN_UNGUARDED_AVAILABILITY = YES_AGGRESSIVE;
				CLANG_WARN_UNREACHABLE_CODE = YES;
				CLANG_WARN__DUPLICATE_METHOD_MATCH = YES;
				COPY_PHASE_STRIP = NO;
				DEBUG_INFORMATION_FORMAT = dwarf;
				ENABLE_STRICT_OBJC_MSGSEND = YES;
				ENABLE_TESTABILITY = YES;
				GCC_C_LANGUAGE_STANDARD = gnu11;
				GCC_DYNAMIC_NO_PIC = NO;
				GCC_NO_COMMON_BLOCKS = YES;
				GCC_OPTIMIZATION_LEVEL = 0;
				GCC_PREPROCESSOR_DEFINITIONS = (
					"DEBUG=1",
					"$(inherited)",
				);
				GCC_WARN_64_TO_32_BIT_CONVERSION = YES;
				GCC_WARN_ABOUT_RETURN_TYPE = YES_ERROR;
				GCC_WARN_UNDECLARED_SELECTOR = YES;
				GCC_WARN_UNINITIALIZED_AUTOS = YES_AGGRESSIVE;
				GCC_WARN_UNUSED_FUNCTION = YES;
				GCC_WARN_UNUSED_VARIABLE = YES;
				IPHONEOS_DEPLOYMENT_TARGET = 15.2;
				MTL_ENABLE_DEBUG_INFO = INCLUDE_SOURCE;
				MTL_FAST_MATH = YES;
				ONLY_ACTIVE_ARCH = YES;
				SDKROOT = iphoneos;
				SWIFT_ACTIVE_COMPILATION_CONDITIONS = DEBUG;
				SWIFT_OPTIMIZATION_LEVEL = "-Onone";
			};
			name = Debug;
		};
		17484FE428329C0C00004DE5 /* Release */ = {
			isa = XCBuildConfiguration;
			buildSettings = {
				ALWAYS_SEARCH_USER_PATHS = NO;
				CLANG_ANALYZER_NONNULL = YES;
				CLANG_ANALYZER_NUMBER_OBJECT_CONVERSION = YES_AGGRESSIVE;
				CLANG_CXX_LANGUAGE_STANDARD = "gnu++17";
				CLANG_CXX_LIBRARY = "libc++";
				CLANG_ENABLE_MODULES = YES;
				CLANG_ENABLE_OBJC_ARC = YES;
				CLANG_ENABLE_OBJC_WEAK = YES;
				CLANG_WARN_BLOCK_CAPTURE_AUTORELEASING = YES;
				CLANG_WARN_BOOL_CONVERSION = YES;
				CLANG_WARN_COMMA = YES;
				CLANG_WARN_CONSTANT_CONVERSION = YES;
				CLANG_WARN_DEPRECATED_OBJC_IMPLEMENTATIONS = YES;
				CLANG_WARN_DIRECT_OBJC_ISA_USAGE = YES_ERROR;
				CLANG_WARN_DOCUMENTATION_COMMENTS = YES;
				CLANG_WARN_EMPTY_BODY = YES;
				CLANG_WARN_ENUM_CONVERSION = YES;
				CLANG_WARN_INFINITE_RECURSION = YES;
				CLANG_WARN_INT_CONVERSION = YES;
				CLANG_WARN_NON_LITERAL_NULL_CONVERSION = YES;
				CLANG_WARN_OBJC_IMPLICIT_RETAIN_SELF = YES;
				CLANG_WARN_OBJC_LITERAL_CONVERSION = YES;
				CLANG_WARN_OBJC_ROOT_CLASS = YES_ERROR;
				CLANG_WARN_QUOTED_INCLUDE_IN_FRAMEWORK_HEADER = YES;
				CLANG_WARN_RANGE_LOOP_ANALYSIS = YES;
				CLANG_WARN_STRICT_PROTOTYPES = YES;
				CLANG_WARN_SUSPICIOUS_MOVE = YES;
				CLANG_WARN_UNGUARDED_AVAILABILITY = YES_AGGRESSIVE;
				CLANG_WARN_UNREACHABLE_CODE = YES;
				CLANG_WARN__DUPLICATE_METHOD_MATCH = YES;
				COPY_PHASE_STRIP = NO;
				DEBUG_INFORMATION_FORMAT = "dwarf-with-dsym";
				ENABLE_NS_ASSERTIONS = NO;
				ENABLE_STRICT_OBJC_MSGSEND = YES;
				GCC_C_LANGUAGE_STANDARD = gnu11;
				GCC_NO_COMMON_BLOCKS = YES;
				GCC_WARN_64_TO_32_BIT_CONVERSION = YES;
				GCC_WARN_ABOUT_RETURN_TYPE = YES_ERROR;
				GCC_WARN_UNDECLARED_SELECTOR = YES;
				GCC_WARN_UNINITIALIZED_AUTOS = YES_AGGRESSIVE;
				GCC_WARN_UNUSED_FUNCTION = YES;
				GCC_WARN_UNUSED_VARIABLE = YES;
				IPHONEOS_DEPLOYMENT_TARGET = 15.2;
				MTL_ENABLE_DEBUG_INFO = NO;
				MTL_FAST_MATH = YES;
				SDKROOT = iphoneos;
				SWIFT_COMPILATION_MODE = wholemodule;
				SWIFT_OPTIMIZATION_LEVEL = "-O";
				VALIDATE_PRODUCT = YES;
			};
			name = Release;
		};
		17484FE628329C0C00004DE5 /* Debug */ = {
			isa = XCBuildConfiguration;
			buildSettings = {
				ASSETCATALOG_COMPILER_APPICON_NAME = AppIcon;
				ASSETCATALOG_COMPILER_GLOBAL_ACCENT_COLOR_NAME = AccentColor;
				CODE_SIGN_STYLE = Automatic;
				CURRENT_PROJECT_VERSION = 1;
				DEVELOPMENT_TEAM = 78N4XSKUGS;
				GENERATE_INFOPLIST_FILE = YES;
				INFOPLIST_FILE = SearchApp/Resources/Info.plist;
				INFOPLIST_KEY_UIApplicationSupportsIndirectInputEvents = YES;
				INFOPLIST_KEY_UILaunchStoryboardName = LaunchScreen;
				INFOPLIST_KEY_UIMainStoryboardFile = Main;
				INFOPLIST_KEY_UISupportedInterfaceOrientations_iPad = "UIInterfaceOrientationPortrait UIInterfaceOrientationPortraitUpsideDown UIInterfaceOrientationLandscapeLeft UIInterfaceOrientationLandscapeRight";
				INFOPLIST_KEY_UISupportedInterfaceOrientations_iPhone = "UIInterfaceOrientationPortrait UIInterfaceOrientationLandscapeLeft UIInterfaceOrientationLandscapeRight";
				LD_RUNPATH_SEARCH_PATHS = (
					"$(inherited)",
					"@executable_path/Frameworks",
				);
				MARKETING_VERSION = 1.0;
				PRODUCT_BUNDLE_IDENTIFIER = com.ismailpalali.SearchApp;
				PRODUCT_NAME = "$(TARGET_NAME)";
				SWIFT_EMIT_LOC_STRINGS = YES;
				SWIFT_VERSION = 5.0;
				TARGETED_DEVICE_FAMILY = "1,2";
			};
			name = Debug;
		};
		17484FE728329C0C00004DE5 /* Release */ = {
			isa = XCBuildConfiguration;
			buildSettings = {
				ASSETCATALOG_COMPILER_APPICON_NAME = AppIcon;
				ASSETCATALOG_COMPILER_GLOBAL_ACCENT_COLOR_NAME = AccentColor;
				CODE_SIGN_STYLE = Automatic;
				CURRENT_PROJECT_VERSION = 1;
				DEVELOPMENT_TEAM = 78N4XSKUGS;
				GENERATE_INFOPLIST_FILE = YES;
				INFOPLIST_FILE = SearchApp/Resources/Info.plist;
				INFOPLIST_KEY_UIApplicationSupportsIndirectInputEvents = YES;
				INFOPLIST_KEY_UILaunchStoryboardName = LaunchScreen;
				INFOPLIST_KEY_UIMainStoryboardFile = Main;
				INFOPLIST_KEY_UISupportedInterfaceOrientations_iPad = "UIInterfaceOrientationPortrait UIInterfaceOrientationPortraitUpsideDown UIInterfaceOrientationLandscapeLeft UIInterfaceOrientationLandscapeRight";
				INFOPLIST_KEY_UISupportedInterfaceOrientations_iPhone = "UIInterfaceOrientationPortrait UIInterfaceOrientationLandscapeLeft UIInterfaceOrientationLandscapeRight";
				LD_RUNPATH_SEARCH_PATHS = (
					"$(inherited)",
					"@executable_path/Frameworks",
				);
				MARKETING_VERSION = 1.0;
				PRODUCT_BUNDLE_IDENTIFIER = com.ismailpalali.SearchApp;
				PRODUCT_NAME = "$(TARGET_NAME)";
				SWIFT_EMIT_LOC_STRINGS = YES;
				SWIFT_VERSION = 5.0;
				TARGETED_DEVICE_FAMILY = "1,2";
			};
			name = Release;
		};
		17484FE928329C0C00004DE5 /* Debug */ = {
			isa = XCBuildConfiguration;
			buildSettings = {
				ALWAYS_EMBED_SWIFT_STANDARD_LIBRARIES = YES;
				BUNDLE_LOADER = "$(TEST_HOST)";
				CODE_SIGN_STYLE = Automatic;
				CURRENT_PROJECT_VERSION = 1;
				DEVELOPMENT_TEAM = 78N4XSKUGS;
				GENERATE_INFOPLIST_FILE = YES;
				IPHONEOS_DEPLOYMENT_TARGET = 15.2;
				MARKETING_VERSION = 1.0;
				PRODUCT_BUNDLE_IDENTIFIER = com.ismailpalali.SearchAppTests;
				PRODUCT_NAME = "$(TARGET_NAME)";
				SWIFT_EMIT_LOC_STRINGS = NO;
				SWIFT_VERSION = 5.0;
				TARGETED_DEVICE_FAMILY = "1,2";
				TEST_HOST = "$(BUILT_PRODUCTS_DIR)/SearchApp.app/SearchApp";
			};
			name = Debug;
		};
		17484FEA28329C0C00004DE5 /* Release */ = {
			isa = XCBuildConfiguration;
			buildSettings = {
				ALWAYS_EMBED_SWIFT_STANDARD_LIBRARIES = YES;
				BUNDLE_LOADER = "$(TEST_HOST)";
				CODE_SIGN_STYLE = Automatic;
				CURRENT_PROJECT_VERSION = 1;
				DEVELOPMENT_TEAM = 78N4XSKUGS;
				GENERATE_INFOPLIST_FILE = YES;
				IPHONEOS_DEPLOYMENT_TARGET = 15.2;
				MARKETING_VERSION = 1.0;
				PRODUCT_BUNDLE_IDENTIFIER = com.ismailpalali.SearchAppTests;
				PRODUCT_NAME = "$(TARGET_NAME)";
				SWIFT_EMIT_LOC_STRINGS = NO;
				SWIFT_VERSION = 5.0;
				TARGETED_DEVICE_FAMILY = "1,2";
				TEST_HOST = "$(BUILT_PRODUCTS_DIR)/SearchApp.app/SearchApp";
			};
			name = Release;
		};
		17484FEC28329C0C00004DE5 /* Debug */ = {
			isa = XCBuildConfiguration;
			buildSettings = {
				ALWAYS_EMBED_SWIFT_STANDARD_LIBRARIES = YES;
				CODE_SIGN_STYLE = Automatic;
				CURRENT_PROJECT_VERSION = 1;
				DEVELOPMENT_TEAM = 78N4XSKUGS;
				GENERATE_INFOPLIST_FILE = YES;
				MARKETING_VERSION = 1.0;
				PRODUCT_BUNDLE_IDENTIFIER = com.ismailpalali.SearchAppUITests;
				PRODUCT_NAME = "$(TARGET_NAME)";
				SWIFT_EMIT_LOC_STRINGS = NO;
				SWIFT_VERSION = 5.0;
				TARGETED_DEVICE_FAMILY = "1,2";
				TEST_TARGET_NAME = SearchApp;
			};
			name = Debug;
		};
		17484FED28329C0C00004DE5 /* Release */ = {
			isa = XCBuildConfiguration;
			buildSettings = {
				ALWAYS_EMBED_SWIFT_STANDARD_LIBRARIES = YES;
				CODE_SIGN_STYLE = Automatic;
				CURRENT_PROJECT_VERSION = 1;
				DEVELOPMENT_TEAM = 78N4XSKUGS;
				GENERATE_INFOPLIST_FILE = YES;
				MARKETING_VERSION = 1.0;
				PRODUCT_BUNDLE_IDENTIFIER = com.ismailpalali.SearchAppUITests;
				PRODUCT_NAME = "$(TARGET_NAME)";
				SWIFT_EMIT_LOC_STRINGS = NO;
				SWIFT_VERSION = 5.0;
				TARGETED_DEVICE_FAMILY = "1,2";
				TEST_TARGET_NAME = SearchApp;
			};
			name = Release;
		};
/* End XCBuildConfiguration section */

/* Begin XCConfigurationList section */
		17484FB628329C0800004DE5 /* Build configuration list for PBXProject "SearchApp" */ = {
			isa = XCConfigurationList;
			buildConfigurations = (
				17484FE328329C0C00004DE5 /* Debug */,
				17484FE428329C0C00004DE5 /* Release */,
			);
			defaultConfigurationIsVisible = 0;
			defaultConfigurationName = Release;
		};
		17484FE528329C0C00004DE5 /* Build configuration list for PBXNativeTarget "SearchApp" */ = {
			isa = XCConfigurationList;
			buildConfigurations = (
				17484FE628329C0C00004DE5 /* Debug */,
				17484FE728329C0C00004DE5 /* Release */,
			);
			defaultConfigurationIsVisible = 0;
			defaultConfigurationName = Release;
		};
		17484FE828329C0C00004DE5 /* Build configuration list for PBXNativeTarget "SearchAppTests" */ = {
			isa = XCConfigurationList;
			buildConfigurations = (
				17484FE928329C0C00004DE5 /* Debug */,
				17484FEA28329C0C00004DE5 /* Release */,
			);
			defaultConfigurationIsVisible = 0;
			defaultConfigurationName = Release;
		};
		17484FEB28329C0C00004DE5 /* Build configuration list for PBXNativeTarget "SearchAppUITests" */ = {
			isa = XCConfigurationList;
			buildConfigurations = (
				17484FEC28329C0C00004DE5 /* Debug */,
				17484FED28329C0C00004DE5 /* Release */,
			);
			defaultConfigurationIsVisible = 0;
			defaultConfigurationName = Release;
		};
/* End XCConfigurationList section */

/* Begin XCRemoteSwiftPackageReference section */
		17D1EDF32832B6AF00DB66DC /* XCRemoteSwiftPackageReference "SDWebImage" */ = {
			isa = XCRemoteSwiftPackageReference;
			repositoryURL = "https://github.com/SDWebImage/SDWebImage";
			requirement = {
				branch = master;
				kind = branch;
			};
		};
/* End XCRemoteSwiftPackageReference section */

/* Begin XCSwiftPackageProductDependency section */
		17D1EDF42832B6AF00DB66DC /* SDWebImage */ = {
			isa = XCSwiftPackageProductDependency;
			package = 17D1EDF32832B6AF00DB66DC /* XCRemoteSwiftPackageReference "SDWebImage" */;
			productName = SDWebImage;
		};
/* End XCSwiftPackageProductDependency section */
	};
	rootObject = 17484FB328329C0800004DE5 /* Project object */;
}
